// !$*UTF8*$!
{
	archiveVersion = 1;
	classes = {
	};
	objectVersion = 77;
	objects = {

/* Begin PBXContainerItemProxy section */
		4609D3442FCF94BC00DC0D9C /* PBXContainerItemProxy */ = {
			isa = PBXContainerItemProxy;
			containerPortal = 4609D32E2FCF94B900DC0D9C /* Project object */;
			proxyType = 1;
			remoteGlobalIDString = 4609D3352FCF94B900DC0D9C;
			remoteInfo = ClearLease;
		};
		4609D34E2FCF94BC00DC0D9C /* PBXContainerItemProxy */ = {
			isa = PBXContainerItemProxy;
			containerPortal = 4609D32E2FCF94B900DC0D9C /* Project object */;
			proxyType = 1;
			remoteGlobalIDString = 4609D3352FCF94B900DC0D9C;
			remoteInfo = ClearLease;
		};
/* End PBXContainerItemProxy section */

/* Begin PBXFileReference section */
		4609D3362FCF94B900DC0D9C /* ClearLease.app */ = {isa = PBXFileReference; explicitFileType = wrapper.application; includeInIndex = 0; path = ClearLease.app; sourceTree = BUILT_PRODUCTS_DIR; };
		4609D3432FCF94BC00DC0D9C /* ClearLeaseTests.xctest */ = {isa = PBXFileReference; explicitFileType = wrapper.cfbundle; includeInIndex = 0; path = ClearLeaseTests.xctest; sourceTree = BUILT_PRODUCTS_DIR; };
		4609D34D2FCF94BC00DC0D9C /* ClearLeaseUITests.xctest */ = {isa = PBXFileReference; explicitFileType = wrapper.cfbundle; includeInIndex = 0; path = ClearLeaseUITests.xctest; sourceTree = BUILT_PRODUCTS_DIR; };
/* End PBXFileReference section */

/* Begin PBXFileSystemSynchronizedBuildFileExceptionSet section */
		4609D3792FCFD32000DC0D9C /* Exceptions for "ClearLease" folder in "ClearLease" target */ = {
			isa = PBXFileSystemSynchronizedBuildFileExceptionSet;
			membershipExceptions = (
				Info.plist,
			);
			target = 4609D3352FCF94B900DC0D9C /* ClearLease */;
		};
/* End PBXFileSystemSynchronizedBuildFileExceptionSet section */

/* Begin PBXFileSystemSynchronizedRootGroup section */
		4609D3382FCF94B900DC0D9C /* ClearLease */ = {
			isa = PBXFileSystemSynchronizedRootGroup;
			exceptions = (
				4609D3792FCFD32000DC0D9C /* Exceptions for "ClearLease" folder in "ClearLease" target */,
			);
			path = ClearLease;
			sourceTree = "<group>";
		};
		4609D3462FCF94BC00DC0D9C /* ClearLeaseTests */ = {
			isa = PBXFileSystemSynchronizedRootGroup;
			path = ClearLeaseTests;
			sourceTree = "<group>";
		};
		4609D3502FCF94BC00DC0D9C /* ClearLeaseUITests */ = {
			isa = PBXFileSystemSynchronizedRootGroup;
			path = ClearLeaseUITests;
			sourceTree = "<group>";
		};
/* End PBXFileSystemSynchronizedRootGroup section */

/* Begin PBXFrameworksBuildPhase section */
		4609D3332FCF94B900DC0D9C /* Frameworks */ = {
			isa = PBXFrameworksBuildPhase;
			buildActionMask = 2147483647;
			files = (
			);
			runOnlyForDeploymentPostprocessing = 0;
		};
		4609D3402FCF94BC00DC0D9C /* Frameworks */ = {
			isa = PBXFrameworksBuildPhase;
			buildActionMask = 2147483647;
			files = (
			);
			runOnlyForDeploymentPostprocessing = 0;
		};
		4609D34A2FCF94BC00DC0D9C /* Frameworks */ = {
			isa = PBXFrameworksBuildPhase;
			buildActionMask = 2147483647;
			files = (
			);
			runOnlyForDeploymentPostprocessing = 0;
		};
/* End PBXFrameworksBuildPhase section */

/* Begin PBXGroup section */
		4609D32D2FCF94B900DC0D9C = {
			isa = PBXGroup;
			children = (
				4609D3382FCF94B900DC0D9C /* ClearLease */,
				4609D3462FCF94BC00DC0D9C /* ClearLeaseTests */,
				4609D3502FCF94BC00DC0D9C /* ClearLeaseUITests */,
				4609D3372FCF94B900DC0D9C /* Products */,
			);
			sourceTree = "<group>";
		};
		4609D3372FCF94B900DC0D9C /* Products */ = {
			isa = PBXGroup;
			children = (
				4609D3362FCF94B900DC0D9C /* ClearLease.app */,
				4609D3432FCF94BC00DC0D9C /* ClearLeaseTests.xctest */,
				4609D34D2FCF94BC00DC0D9C /* ClearLeaseUITests.xctest */,
			);
			name = Products;
			sourceTree = "<group>";
		};
/* End PBXGroup section */

/* Begin PBXNativeTarget section */
		4609D3352FCF94B900DC0D9C /* ClearLease */ = {
			isa = PBXNativeTarget;
			buildConfigurationList = 4609D3572FCF94BC00DC0D9C /* Build configuration list for PBXNativeTarget "ClearLease" */;
			buildPhases = (
				4609D3322FCF94B900DC0D9C /* Sources */,
				4609D3332FCF94B900DC0D9C /* Frameworks */,
				4609D3342FCF94B900DC0D9C /* Resources */,
			);
			buildRules = (
			);
			dependencies = (
			);
			fileSystemSynchronizedGroups = (
				4609D3382FCF94B900DC0D9C /* ClearLease */,
			);
			name = ClearLease;
			packageProductDependencies = (
			);
			productName = ClearLease;
			productReference = 4609D3362FCF94B900DC0D9C /* ClearLease.app */;
			productType = "com.apple.product-type.application";
		};
		4609D3422FCF94BC00DC0D9C /* ClearLeaseTests */ = {
			isa = PBXNativeTarget;
			buildConfigurationList = 4609D35A2FCF94BC00DC0D9C /* Build configuration list for PBXNativeTarget "ClearLeaseTests" */;
			buildPhases = (
				4609D33F2FCF94BC00DC0D9C /* Sources */,
				4609D3402FCF94BC00DC0D9C /* Frameworks */,
				4609D3412FCF94BC00DC0D9C /* Resources */,
			);
			buildRules = (
			);
			dependencies = (
				4609D3452FCF94BC00DC0D9C /* PBXTargetDependency */,
			);
			fileSystemSynchronizedGroups = (
				4609D3462FCF94BC00DC0D9C /* ClearLeaseTests */,
			);
			name = ClearLeaseTests;
			packageProductDependencies = (
			);
			productName = ClearLeaseTests;
			productReference = 4609D3432FCF94BC00DC0D9C /* ClearLeaseTests.xctest */;
			productType = "com.apple.product-type.bundle.unit-test";
		};
		4609D34C2FCF94BC00DC0D9C /* ClearLeaseUITests */ = {
			isa = PBXNativeTarget;
			buildConfigurationList = 4609D35D2FCF94BC00DC0D9C /* Build configuration list for PBXNativeTarget "ClearLeaseUITests" */;
			buildPhases = (
				4609D3492FCF94BC00DC0D9C /* Sources */,
				4609D34A2FCF94BC00DC0D9C /* Frameworks */,
				4609D34B2FCF94BC00DC0D9C /* Resources */,
			);
			buildRules = (
			);
			dependencies = (
				4609D34F2FCF94BC00DC0D9C /* PBXTargetDependency */,
			);
			fileSystemSynchronizedGroups = (
				4609D3502FCF94BC00DC0D9C /* ClearLeaseUITests */,
			);
			name = ClearLeaseUITests;
			packageProductDependencies = (
			);
			productName = ClearLeaseUITests;
			productReference = 4609D34D2FCF94BC00DC0D9C /* ClearLeaseUITests.xctest */;
			productType = "com.apple.product-type.bundle.ui-testing";
		};
/* End PBXNativeTarget section */

/* Begin PBXProject section */
		4609D32E2FCF94B900DC0D9C /* Project object */ = {
			isa = PBXProject;
			attributes = {
				BuildIndependentTargetsInParallel = 1;
				LastSwiftUpdateCheck = 2650;
				LastUpgradeCheck = 2650;
				TargetAttributes = {
					4609D3352FCF94B900DC0D9C = {
						CreatedOnToolsVersion = 26.5;
					};
					4609D3422FCF94BC00DC0D9C = {
						CreatedOnToolsVersion = 26.5;
						TestTargetID = 4609D3352FCF94B900DC0D9C;
					};
					4609D34C2FCF94BC00DC0D9C = {
						CreatedOnToolsVersion = 26.5;
						TestTargetID = 4609D3352FCF94B900DC0D9C;
					};
				};
			};
			buildConfigurationList = 4609D3312FCF94B900DC0D9C /* Build configuration list for PBXProject "ClearLease" */;
			developmentRegion = en;
			hasScannedForEncodings = 0;
			knownRegions = (
				en,
				Base,
			);
			mainGroup = 4609D32D2FCF94B900DC0D9C;
			minimizedProjectReferenceProxies = 1;
			preferredProjectObjectVersion = 77;
			productRefGroup = 4609D3372FCF94B900DC0D9C /* Products */;
			projectDirPath = "";
			projectRoot = "";
			targets = (
				4609D3352FCF94B900DC0D9C /* ClearLease */,
				4609D3422FCF94BC00DC0D9C /* ClearLeaseTests */,
				4609D34C2FCF94BC00DC0D9C /* ClearLeaseUITests */,
			);
		};
/* End PBXProject section */

/* Begin PBXResourcesBuildPhase section */
		4609D3342FCF94B900DC0D9C /* Resources */ = {
			isa = PBXResourcesBuildPhase;
			buildActionMask = 2147483647;
			files = (
			);
			runOnlyForDeploymentPostprocessing = 0;
		};
		4609D3412FCF94BC00DC0D9C /* Resources */ = {
			isa = PBXResourcesBuildPhase;
			buildActionMask = 2147483647;
			files = (
			);
			runOnlyForDeploymentPostprocessing = 0;
		};
		4609D34B2FCF94BC00DC0D9C /* Resources */ = {
			isa = PBXResourcesBuildPhase;
			buildActionMask = 2147483647;
			files = (
			);
			runOnlyForDeploymentPostprocessing = 0;
		};
/* End PBXResourcesBuildPhase section */

/* Begin PBXSourcesBuildPhase section */
		4609D3322FCF94B900DC0D9C /* Sources */ = {
			isa = PBXSourcesBuildPhase;
			buildActionMask = 2147483647;
			files = (
			);
			runOnlyForDeploymentPostprocessing = 0;
		};
		4609D33F2FCF94BC00DC0D9C /* Sources */ = {
			isa = PBXSourcesBuildPhase;
			buildActionMask = 2147483647;
			files = (
			);
			runOnlyForDeploymentPostprocessing = 0;
		};
		4609D3492FCF94BC00DC0D9C /* Sources */ = {
			isa = PBXSourcesBuildPhase;
			buildActionMask = 2147483647;
			files = (
			);
			runOnlyForDeploymentPostprocessing = 0;
		};
/* End PBXSourcesBuildPhase section */

/* Begin PBXTargetDependency section */
		4609D3452FCF94BC00DC0D9C /* PBXTargetDependency */ = {
			isa = PBXTargetDependency;
			target = 4609D3352FCF94B900DC0D9C /* ClearLease */;
			targetProxy = 4609D3442FCF94BC00DC0D9C /* PBXContainerItemProxy */;
		};
		4609D34F2FCF94BC00DC0D9C /* PBXTargetDependency */ = {
			isa = PBXTargetDependency;
			target = 4609D3352FCF94B900DC0D9C /* ClearLease */;
			targetProxy = 4609D34E2FCF94BC00DC0D9C /* PBXContainerItemProxy */;
		};
/* End PBXTargetDependency section */

/* Begin XCBuildConfiguration section */
		4609D3552FCF94BC00DC0D9C /* Debug */ = {
			isa = XCBuildConfiguration;
			buildSettings = {
				ALWAYS_SEARCH_USER_PATHS = NO;
				ASSETCATALOG_COMPILER_GENERATE_SWIFT_ASSET_SYMBOL_EXTENSIONS = YES;
				CLANG_ANALYZER_NONNULL = YES;
				CLANG_ANALYZER_NUMBER_OBJECT_CONVERSION = YES_AGGRESSIVE;
				CLANG_CXX_LANGUAGE_STANDARD = "gnu++20";
				CLANG_ENABLE_MODULES = YES;
				CLANG_ENABLE_OBJC_ARC = YES;
				CLANG_ENABLE_OBJC_WEAK = YES;
				CLANG_WARN_BLOCK_CAPTURE_AUTORELEASING = YES;
				CLANG_WARN_BOOL_CONVERSION = YES;
				CLANG_WARN_COMMA = YES;
				CLANG_WARN_CONSTANT_CONVERSION = YES;
				CLANG_WARN_DEPRECATED_OBJC_IMPLEMENTATIONS = YES;
				CLANG_WARN_DIRECT_OBJC_ISA_USAGE = YES_ERROR;
				CLANG_WARN_DOCUMENTATION_COMMENTS = YES;
				CLANG_WARN_EMPTY_BODY = YES;
				CLANG_WARN_ENUM_CONVERSION = YES;
				CLANG_WARN_INFINITE_RECURSION = YES;
				CLANG_WARN_INT_CONVERSION = YES;
				CLANG_WARN_NON_LITERAL_NULL_CONVERSION = YES;
				CLANG_WARN_OBJC_IMPLICIT_RETAIN_SELF = YES;
				CLANG_WARN_OBJC_LITERAL_CONVERSION = YES;
				CLANG_WARN_OBJC_ROOT_CLASS = YES_ERROR;
				CLANG_WARN_QUOTED_INCLUDE_IN_FRAMEWORK_HEADER = YES;
				CLANG_WARN_RANGE_LOOP_ANALYSIS = YES;
				CLANG_WARN_STRICT_PROTOTYPES = YES;
				CLANG_WARN_SUSPICIOUS_MOVE = YES;
				CLANG_WARN_UNGUARDED_AVAILABILITY = YES_AGGRESSIVE;
				CLANG_WARN_UNREACHABLE_CODE = YES;
				CLANG_WARN__DUPLICATE_METHOD_MATCH = YES;
				COPY_PHASE_STRIP = NO;
				DEBUG_INFORMATION_FORMAT = dwarf;
				DEVELOPMENT_TEAM = RRZHJG3JG5;
				ENABLE_STRICT_OBJC_MSGSEND = YES;
				ENABLE_TESTABILITY = YES;
				ENABLE_USER_SCRIPT_SANDBOXING = YES;
				GCC_C_LANGUAGE_STANDARD = gnu17;
				GCC_DYNAMIC_NO_PIC = NO;
				GCC_NO_COMMON_BLOCKS = YES;
				GCC_OPTIMIZATION_LEVEL = 0;
				GCC_PREPROCESSOR_DEFINITIONS = (
					"DEBUG=1",
					"$(inherited)",
				);
				GCC_WARN_64_TO_32_BIT_CONVERSION = YES;
				GCC_WARN_ABOUT_RETURN_TYPE = YES_ERROR;
				GCC_WARN_UNDECLARED_SELECTOR = YES;
				GCC_WARN_UNINITIALIZED_AUTOS = YES_AGGRESSIVE;
				GCC_WARN_UNUSED_FUNCTION = YES;
				GCC_WARN_UNUSED_VARIABLE = YES;
				IPHONEOS_DEPLOYMENT_TARGET = 26.5;
				LOCALIZATION_PREFERS_STRING_CATALOGS = YES;
				MTL_ENABLE_DEBUG_INFO = INCLUDE_SOURCE;
				MTL_FAST_MATH = YES;
				ONLY_ACTIVE_ARCH = YES;
				SDKROOT = iphoneos;
				SWIFT_ACTIVE_COMPILATION_CONDITIONS = "DEBUG $(inherited)";
				SWIFT_OPTIMIZATION_LEVEL = "-Onone";
			};
			name = Debug;
		};
		4609D3562FCF94BC00DC0D9C /* Release */ = {
			isa = XCBuildConfiguration;
			buildSettings = {
				ALWAYS_SEARCH_USER_PATHS = NO;
				ASSETCATALOG_COMPILER_GENERATE_SWIFT_ASSET_SYMBOL_EXTENSIONS = YES;
				CLANG_ANALYZER_NONNULL = YES;
				CLANG_ANALYZER_NUMBER_OBJECT_CONVERSION = YES_AGGRESSIVE;
				CLANG_CXX_LANGUAGE_STANDARD = "gnu++20";
				CLANG_ENABLE_MODULES = YES;
				CLANG_ENABLE_OBJC_ARC = YES;
				CLANG_ENABLE_OBJC_WEAK = YES;
				CLANG_WARN_BLOCK_CAPTURE_AUTORELEASING = YES;
				CLANG_WARN_BOOL_CONVERSION = YES;
				CLANG_WARN_COMMA = YES;
				CLANG_WARN_CONSTANT_CONVERSION = YES;
				CLANG_WARN_DEPRECATED_OBJC_IMPLEMENTATIONS = YES;
				CLANG_WARN_DIRECT_OBJC_ISA_USAGE = YES_ERROR;
				CLANG_WARN_DOCUMENTATION_COMMENTS = YES;
				CLANG_WARN_EMPTY_BODY = YES;
				CLANG_WARN_ENUM_CONVERSION = YES;
				CLANG_WARN_INFINITE_RECURSION = YES;
				CLANG_WARN_INT_CONVERSION = YES;
				CLANG_WARN_NON_LITERAL_NULL_CONVERSION = YES;
				CLANG_WARN_OBJC_IMPLICIT_RETAIN_SELF = YES;
				CLANG_WARN_OBJC_LITERAL_CONVERSION = YES;
				CLANG_WARN_OBJC_ROOT_CLASS = YES_ERROR;
				CLANG_WARN_QUOTED_INCLUDE_IN_FRAMEWORK_HEADER = YES;
				CLANG_WARN_RANGE_LOOP_ANALYSIS = YES;
				CLANG_WARN_STRICT_PROTOTYPES = YES;
				CLANG_WARN_SUSPICIOUS_MOVE = YES;
				CLANG_WARN_UNGUARDED_AVAILABILITY = YES_AGGRESSIVE;
				CLANG_WARN_UNREACHABLE_CODE = YES;
				CLANG_WARN__DUPLICATE_METHOD_MATCH = YES;
				COPY_PHASE_STRIP = NO;
				DEBUG_INFORMATION_FORMAT = "dwarf-with-dsym";
				DEVELOPMENT_TEAM = RRZHJG3JG5;
				ENABLE_NS_ASSERTIONS = NO;
				ENABLE_STRICT_OBJC_MSGSEND = YES;
				ENABLE_USER_SCRIPT_SANDBOXING = YES;
				GCC_C_LANGUAGE_STANDARD = gnu17;
				GCC_NO_COMMON_BLOCKS = YES;
				GCC_WARN_64_TO_32_BIT_CONVERSION = YES;
				GCC_WARN_ABOUT_RETURN_TYPE = YES_ERROR;
				GCC_WARN_UNDECLARED_SELECTOR = YES;
				GCC_WARN_UNINITIALIZED_AUTOS = YES_AGGRESSIVE;
				GCC_WARN_UNUSED_FUNCTION = YES;
				GCC_WARN_UNUSED_VARIABLE = YES;
				IPHONEOS_DEPLOYMENT_TARGET = 26.5;
				LOCALIZATION_PREFERS_STRING_CATALOGS = YES;
				MTL_ENABLE_DEBUG_INFO = NO;
				MTL_FAST_MATH = YES;
				SDKROOT = iphoneos;
				SWIFT_COMPILATION_MODE = wholemodule;
				VALIDATE_PRODUCT = YES;
			};
			name = Release;
		};
		4609D3582FCF94BC00DC0D9C /* Debug */ = {
			isa = XCBuildConfiguration;
			buildSettings = {
				ASSETCATALOG_COMPILER_APPICON_NAME = AppIcon;
				ASSETCATALOG_COMPILER_GLOBAL_ACCENT_COLOR_NAME = AccentColor;
				CODE_SIGN_STYLE = Automatic;
				CURRENT_PROJECT_VERSION = 1;
				DEVELOPMENT_TEAM = RRZHJG3JG5;
				ENABLE_PREVIEWS = YES;
				GENERATE_INFOPLIST_FILE = YES;
				INFOPLIST_FILE = ClearLease/Info.plist;
				INFOPLIST_KEY_LSApplicationCategoryType = "";
				INFOPLIST_KEY_NSCameraUsageDescription = "learLease needs camera access to photograph your lease";
				INFOPLIST_KEY_NSPhotoLibraryUsageDescription = "ClearLease needs photo access to import your lease";
				INFOPLIST_KEY_UIApplicationSceneManifest_Generation = YES;
				INFOPLIST_KEY_UIApplicationSupportsIndirectInputEvents = YES;
				INFOPLIST_KEY_UISupportedInterfaceOrientations_iPad = "UIInterfaceOrientationPortrait UIInterfaceOrientationPortraitUpsideDown UIInterfaceOrientationLandscapeLeft UIInterfaceOrientationLandscapeRight";
				INFOPLIST_KEY_UISupportedInterfaceOrientations_iPhone = "UIInterfaceOrientationPortrait UIInterfaceOrientationLandscapeLeft UIInterfaceOrientationLandscapeRight";
				LD_RUNPATH_SEARCH_PATHS = (
					"$(inherited)",
					"@executable_path/Frameworks",
				);
				MARKETING_VERSION = 1.0;
				PRODUCT_BUNDLE_IDENTIFIER = com.clearlease.ClearLease;
				PRODUCT_NAME = "$(TARGET_NAME)";
				STRING_CATALOG_GENERATE_SYMBOLS = YES;
				SWIFT_APPROACHABLE_CONCURRENCY = YES;
				SWIFT_DEFAULT_ACTOR_ISOLATION = MainActor;
				SWIFT_EMIT_LOC_STRINGS = YES;
				SWIFT_UPCOMING_FEATURE_MEMBER_IMPORT_VISIBILITY = YES;
				SWIFT_VERSION = 5.0;
				TARGETED_DEVICE_FAMILY = "1,2";
			};
			name = Debug;
		};
		4609D3592FCF94BC00DC0D9C /* Release */ = {
			isa = XCBuildConfiguration;
			buildSettings = {
				ASSETCATALOG_COMPILER_APPICON_NAME = AppIcon;
				ASSETCATALOG_COMPILER_GLOBAL_ACCENT_COLOR_NAME = AccentColor;
				CODE_SIGN_STYLE = Automatic;
				CURRENT_PROJECT_VERSION = 1;
				DEVELOPMENT_TEAM = RRZHJG3JG5;
				ENABLE_PREVIEWS = YES;
				GENERATE_INFOPLIST_FILE = YES;
				INFOPLIST_FILE = ClearLease/Info.plist;
				INFOPLIST_KEY_LSApplicationCategoryType = "";
				INFOPLIST_KEY_NSCameraUsageDescription = "learLease needs camera access to photograph your lease";
				INFOPLIST_KEY_NSPhotoLibraryUsageDescription = "ClearLease needs photo access to import your lease";
				INFOPLIST_KEY_UIApplicationSceneManifest_Generation = YES;
				INFOPLIST_KEY_UIApplicationSupportsIndirectInputEvents = YES;
				INFOPLIST_KEY_UISupportedInterfaceOrientations_iPad = "UIInterfaceOrientationPortrait UIInterfaceOrientationPortraitUpsideDown UIInterfaceOrientationLandscapeLeft UIInterfaceOrientationLandscapeRight";
				INFOPLIST_KEY_UISupportedInterfaceOrientations_iPhone = "UIInterfaceOrientationPortrait UIInterfaceOrientationLandscapeLeft UIInterfaceOrientationLandscapeRight";
				LD_RUNPATH_SEARCH_PATHS = (
					"$(inherited)",
					"@executable_path/Frameworks",
				);
				MARKETING_VERSION = 1.0;
				PRODUCT_BUNDLE_IDENTIFIER = com.clearlease.ClearLease;
				PRODUCT_NAME = "$(TARGET_NAME)";
				STRING_CATALOG_GENERATE_SYMBOLS = YES;
				SWIFT_APPROACHABLE_CONCURRENCY = YES;
				SWIFT_DEFAULT_ACTOR_ISOLATION = MainActor;
				SWIFT_EMIT_LOC_STRINGS = YES;
				SWIFT_UPCOMING_FEATURE_MEMBER_IMPORT_VISIBILITY = YES;
				SWIFT_VERSION = 5.0;
				TARGETED_DEVICE_FAMILY = "1,2";
			};
			name = Release;
		};
		4609D35B2FCF94BC00DC0D9C /* Debug */ = {
			isa = XCBuildConfiguration;
			buildSettings = {
				BUNDLE_LOADER = "$(TEST_HOST)";
				CODE_SIGN_STYLE = Automatic;
				CURRENT_PROJECT_VERSION = 1;
				DEVELOPMENT_TEAM = RRZHJG3JG5;
				GENERATE_INFOPLIST_FILE = YES;
				IPHONEOS_DEPLOYMENT_TARGET = 26.5;
				MARKETING_VERSION = 1.0;
				PRODUCT_BUNDLE_IDENTIFIER = com.clearlease.ClearLeaseTests;
				PRODUCT_NAME = "$(TARGET_NAME)";
				STRING_CATALOG_GENERATE_SYMBOLS = NO;
				SWIFT_APPROACHABLE_CONCURRENCY = YES;
				SWIFT_EMIT_LOC_STRINGS = NO;
				SWIFT_UPCOMING_FEATURE_MEMBER_IMPORT_VISIBILITY = YES;
				SWIFT_VERSION = 5.0;
				TARGETED_DEVICE_FAMILY = "1,2";
				TEST_HOST = "$(BUILT_PRODUCTS_DIR)/ClearLease.app/$(BUNDLE_EXECUTABLE_FOLDER_PATH)/ClearLease";
			};
			name = Debug;
		};
		4609D35C2FCF94BC00DC0D9C /* Release */ = {
			isa = XCBuildConfiguration;
			buildSettings = {
				BUNDLE_LOADER = "$(TEST_HOST)";
				CODE_SIGN_STYLE = Automatic;
				CURRENT_PROJECT_VERSION = 1;
				DEVELOPMENT_TEAM = RRZHJG3JG5;
				GENERATE_INFOPLIST_FILE = YES;
				IPHONEOS_DEPLOYMENT_TARGET = 26.5;
				MARKETING_VERSION = 1.0;
				PRODUCT_BUNDLE_IDENTIFIER = com.clearlease.ClearLeaseTests;
				PRODUCT_NAME = "$(TARGET_NAME)";
				STRING_CATALOG_GENERATE_SYMBOLS = NO;
				SWIFT_APPROACHABLE_CONCURRENCY = YES;
				SWIFT_EMIT_LOC_STRINGS = NO;
				SWIFT_UPCOMING_FEATURE_MEMBER_IMPORT_VISIBILITY = YES;
				SWIFT_VERSION = 5.0;
				TARGETED_DEVICE_FAMILY = "1,2";
				TEST_HOST = "$(BUILT_PRODUCTS_DIR)/ClearLease.app/$(BUNDLE_EXECUTABLE_FOLDER_PATH)/ClearLease";
			};
			name = Release;
		};
		4609D35E2FCF94BC00DC0D9C /* Debug */ = {
			isa = XCBuildConfiguration;
			buildSettings = {
				CODE_SIGN_STYLE = Automatic;
				CURRENT_PROJECT_VERSION = 1;
				DEVELOPMENT_TEAM = RRZHJG3JG5;
				GENERATE_INFOPLIST_FILE = YES;
				MARKETING_VERSION = 1.0;
				PRODUCT_BUNDLE_IDENTIFIER = com.clearlease.ClearLeaseUITests;
				PRODUCT_NAME = "$(TARGET_NAME)";
				STRING_CATALOG_GENERATE_SYMBOLS = NO;
				SWIFT_APPROACHABLE_CONCURRENCY = YES;
				SWIFT_EMIT_LOC_STRINGS = NO;
				SWIFT_UPCOMING_FEATURE_MEMBER_IMPORT_VISIBILITY = YES;
				SWIFT_VERSION = 5.0;
				TARGETED_DEVICE_FAMILY = "1,2";
				TEST_TARGET_NAME = ClearLease;
			};
			name = Debug;
		};
		4609D35F2FCF94BC00DC0D9C /* Release */ = {
			isa = XCBuildConfiguration;
			buildSettings = {
				CODE_SIGN_STYLE = Automatic;
				CURRENT_PROJECT_VERSION = 1;
				DEVELOPMENT_TEAM = RRZHJG3JG5;
				GENERATE_INFOPLIST_FILE = YES;
				MARKETING_VERSION = 1.0;
				PRODUCT_BUNDLE_IDENTIFIER = com.clearlease.ClearLeaseUITests;
				PRODUCT_NAME = "$(TARGET_NAME)";
				STRING_CATALOG_GENERATE_SYMBOLS = NO;
				SWIFT_APPROACHABLE_CONCURRENCY = YES;
				SWIFT_EMIT_LOC_STRINGS = NO;
				SWIFT_UPCOMING_FEATURE_MEMBER_IMPORT_VISIBILITY = YES;
				SWIFT_VERSION = 5.0;
				TARGETED_DEVICE_FAMILY = "1,2";
				TEST_TARGET_NAME = ClearLease;
			};
			name = Release;
		};
/* End XCBuildConfiguration section */

/* Begin XCConfigurationList section */
		4609D3312FCF94B900DC0D9C /* Build configuration list for PBXProject "ClearLease" */ = {
			isa = XCConfigurationList;
			buildConfigurations = (
				4609D3552FCF94BC00DC0D9C /* Debug */,
				4609D3562FCF94BC00DC0D9C /* Release */,
			);
			defaultConfigurationIsVisible = 0;
			defaultConfigurationName = Release;
		};
		4609D3572FCF94BC00DC0D9C /* Build configuration list for PBXNativeTarget "ClearLease" */ = {
			isa = XCConfigurationList;
			buildConfigurations = (
				4609D3582FCF94BC00DC0D9C /* Debug */,
				4609D3592FCF94BC00DC0D9C /* Release */,
			);
			defaultConfigurationIsVisible = 0;
			defaultConfigurationName = Release;
		};
		4609D35A2FCF94BC00DC0D9C /* Build configuration list for PBXNativeTarget "ClearLeaseTests" */ = {
			isa = XCConfigurationList;
			buildConfigurations = (
				4609D35B2FCF94BC00DC0D9C /* Debug */,
				4609D35C2FCF94BC00DC0D9C /* Release */,
			);
			defaultConfigurationIsVisible = 0;
			defaultConfigurationName = Release;
		};
		4609D35D2FCF94BC00DC0D9C /* Build configuration list for PBXNativeTarget "ClearLeaseUITests" */ = {
			isa = XCConfigurationList;
			buildConfigurations = (
				4609D35E2FCF94BC00DC0D9C /* Debug */,
				4609D35F2FCF94BC00DC0D9C /* Release */,
			);
			defaultConfigurationIsVisible = 0;
			defaultConfigurationName = Release;
		};
/* End XCConfigurationList section */
	};
	rootObject = 4609D32E2FCF94B900DC0D9C /* Project object */;
}
